
Microsoft Visual Studio Solution File, Format Version 12.00
# Visual Studio 15
VisualStudioVersion = 15.0.28307.421
MinimumVisualStudioVersion = 10.0.40219.1
Project("{FAE04EC0-301F-11D3-BF4B-00C04F79EFBC}") = "Homework02", "Homework02.csproj", "{EDB23496-F1E3-433C-AD98-CA4329BDA717}"
EndProject
Global
	GlobalSection(SolutionConfigurationPlatforms) = preSolution
		Debug|Any CPU = Debug|Any CPU
		Release|Any CPU = Release|Any CPU
	EndGlobalSection
	GlobalSection(ProjectConfigurationPlatforms) = postSolution
		{EDB23496-F1E3-433C-AD98-CA4329BDA717}.Debug|Any CPU.ActiveCfg = Debug|Any CPU
		{EDB23496-F1E3-433C-AD98-CA4329BDA717}.Debug|Any CPU.Build.0 = Debug|Any CPU
		{EDB23496-F1E3-433C-AD98-CA4329BDA717}.Release|Any CPU.ActiveCfg = Release|Any CPU
		{EDB23496-F1E3-433C-AD98-CA4329BDA717}.Release|Any CPU.Build.0 = Release|Any CPU
	EndGlobalSection
	GlobalSection(SolutionProperties) = preSolution
		HideSolutionNode = FALSE
	EndGlobalSection
	GlobalSection(ExtensibilityGlobals) = postSolution
		SolutionGuid = {6F7A3706-0380-4E01-A2C6-0BA80B4B30DE}
	EndGlobalSection
EndGlobal
